
Microsoft Visual Studio Solution File, Format Version 12.00
# Visual Studio Version 16
VisualStudioVersion = 16.0.29009.5
MinimumVisualStudioVersion = 10.0.40219.1
Project("{2150E333-8FDC-42A3-9474-1A3956D46DE8}") = "src", "src", "{89412E0C-9F93-4FB0-ACB6-DC95174759A0}"
EndProject
Project("{2150E333-8FDC-42A3-9474-1A3956D46DE8}") = "tests", "tests", "{EE8B33C7-90A5-4CCF-99D9-BC9CF029F312}"
EndProject
Project("{2150E333-8FDC-42A3-9474-1A3956D46DE8}") = "misc", "misc", "{BB0AD8E1-B336-4058-9737-E2AE2B447BFC}"
	ProjectSection(SolutionItems) = preProject
		misc\changelog.txt = misc\changelog.txt
		misc\todo.txt = misc\todo.txt
	EndProjectSection
EndProject
Project("{2150E333-8FDC-42A3-9474-1A3956D46DE8}") = "nuget", "nuget", "{4EE5C30C-4201-4652-AB94-49E8F9E055C8}"
	ProjectSection(SolutionItems) = preProject
		nuget\TauCode.Domain.NHibernate.nuspec = nuget\TauCode.Domain.NHibernate.nuspec
	EndProjectSection
EndProject
Project("{9A19103F-16F7-4668-BE54-9A1E7A4F7556}") = "TauCode.Domain.NHibernate", "src\TauCode.Domain.NHibernate\TauCode.Domain.NHibernate.csproj", "{BD8F9ED9-22C4-43E3-BA85-166FC0DC2F37}"
EndProject
Project("{9A19103F-16F7-4668-BE54-9A1E7A4F7556}") = "TauCode.Domain.NHibernate.Tests", "tests\TauCode.Domain.NHibernate.Tests\TauCode.Domain.NHibernate.Tests.csproj", "{7C449D1A-CBDF-41D4-ACE1-06BF39C77B3B}"
EndProject
Project("{FAE04EC0-301F-11D3-BF4B-00C04F79EFBC}") = "TauCode.Domain.NHibernate.Tests.Common", "tests\TauCode.Domain.NHibernate.Tests.Common\TauCode.Domain.NHibernate.Tests.Common.csproj", "{9DF676EA-36D7-4909-95F7-2ED37CB50D75}"
EndProject
Project("{FAE04EC0-301F-11D3-BF4B-00C04F79EFBC}") = "TauCode.Domain.NHibernate.Tests.SqlServer", "tests\TauCode.Domain.NHibernate.Tests.SqlServer\TauCode.Domain.NHibernate.Tests.SqlServer.csproj", "{B93DEF0B-68C0-4C2B-8373-C78B57825F6B}"
EndProject
Global
	GlobalSection(SolutionConfigurationPlatforms) = preSolution
		Debug|Any CPU = Debug|Any CPU
		Release|Any CPU = Release|Any CPU
	EndGlobalSection
	GlobalSection(ProjectConfigurationPlatforms) = postSolution
		{BD8F9ED9-22C4-43E3-BA85-166FC0DC2F37}.Debug|Any CPU.ActiveCfg = Debug|Any CPU
		{BD8F9ED9-22C4-43E3-BA85-166FC0DC2F37}.Debug|Any CPU.Build.0 = Debug|Any CPU
		{BD8F9ED9-22C4-43E3-BA85-166FC0DC2F37}.Release|Any CPU.ActiveCfg = Release|Any CPU
		{BD8F9ED9-22C4-43E3-BA85-166FC0DC2F37}.Release|Any CPU.Build.0 = Release|Any CPU
		{7C449D1A-CBDF-41D4-ACE1-06BF39C77B3B}.Debug|Any CPU.ActiveCfg = Debug|Any CPU
		{7C449D1A-CBDF-41D4-ACE1-06BF39C77B3B}.Debug|Any CPU.Build.0 = Debug|Any CPU
		{7C449D1A-CBDF-41D4-ACE1-06BF39C77B3B}.Release|Any CPU.ActiveCfg = Release|Any CPU
		{7C449D1A-CBDF-41D4-ACE1-06BF39C77B3B}.Release|Any CPU.Build.0 = Release|Any CPU
		{9DF676EA-36D7-4909-95F7-2ED37CB50D75}.Debug|Any CPU.ActiveCfg = Debug|Any CPU
		{9DF676EA-36D7-4909-95F7-2ED37CB50D75}.Debug|Any CPU.Build.0 = Debug|Any CPU
		{9DF676EA-36D7-4909-95F7-2ED37CB50D75}.Release|Any CPU.ActiveCfg = Release|Any CPU
		{9DF676EA-36D7-4909-95F7-2ED37CB50D75}.Release|Any CPU.Build.0 = Release|Any CPU
		{B93DEF0B-68C0-4C2B-8373-C78B57825F6B}.Debug|Any CPU.ActiveCfg = Debug|Any CPU
		{B93DEF0B-68C0-4C2B-8373-C78B57825F6B}.Debug|Any CPU.Build.0 = Debug|Any CPU
		{B93DEF0B-68C0-4C2B-8373-C78B57825F6B}.Release|Any CPU.ActiveCfg = Release|Any CPU
		{B93DEF0B-68C0-4C2B-8373-C78B57825F6B}.Release|Any CPU.Build.0 = Release|Any CPU
	EndGlobalSection
	GlobalSection(SolutionProperties) = preSolution
		HideSolutionNode = FALSE
	EndGlobalSection
	GlobalSection(NestedProjects) = preSolution
		{BD8F9ED9-22C4-43E3-BA85-166FC0DC2F37} = {89412E0C-9F93-4FB0-ACB6-DC95174759A0}
		{7C449D1A-CBDF-41D4-ACE1-06BF39C77B3B} = {EE8B33C7-90A5-4CCF-99D9-BC9CF029F312}
		{9DF676EA-36D7-4909-95F7-2ED37CB50D75} = {EE8B33C7-90A5-4CCF-99D9-BC9CF029F312}
		{B93DEF0B-68C0-4C2B-8373-C78B57825F6B} = {EE8B33C7-90A5-4CCF-99D9-BC9CF029F312}
	EndGlobalSection
	GlobalSection(ExtensibilityGlobals) = postSolution
		SolutionGuid = {E033216E-1151-4D66-A416-3EBD14511CA8}
	EndGlobalSection
EndGlobal
